
Microsoft Visual Studio Solution File, Format Version 12.00
# Visual Studio Version 17
VisualStudioVersion = 17.0.31903.59
MinimumVisualStudioVersion = 10.0.40219.1
Project("{FAE04EC0-301F-11D3-BF4B-00C04F79EFBC}") = "Mazooka", "src\Mazooka\Mazooka.csproj", "{2F316C8E-3993-483F-9441-C314F64D6829}"
EndProject
Project("{FAE04EC0-301F-11D3-BF4B-00C04F79EFBC}") = "MazookaCore", "src\MazookaCore\MazookaCore.csproj", "{8E9BB511-4203-4424-8098-6602FA1BBEB7}"
EndProject
Project("{FAE04EC0-301F-11D3-BF4B-00C04F79EFBC}") = "MazookaCoreTests", "tests\MazookaCoreTests\MazookaCoreTests.csproj", "{2744855A-2F47-422F-8B91-133D791B94EB}"
EndProject
Global
	GlobalSection(SolutionConfigurationPlatforms) = preSolution
		Debug|Any CPU = Debug|Any CPU
		Debug|x64 = Debug|x64
		Debug|x86 = Debug|x86
		Release|Any CPU = Release|Any CPU
		Release|x64 = Release|x64
		Release|x86 = Release|x86
	EndGlobalSection
	GlobalSection(ProjectConfigurationPlatforms) = postSolution
		{2F316C8E-3993-483F-9441-C314F64D6829}.Debug|Any CPU.ActiveCfg = Debug|Any CPU
		{2F316C8E-3993-483F-9441-C314F64D6829}.Debug|Any CPU.Build.0 = Debug|Any CPU
		{2F316C8E-3993-483F-9441-C314F64D6829}.Debug|x64.ActiveCfg = Debug|Any CPU
		{2F316C8E-3993-483F-9441-C314F64D6829}.Debug|x64.Build.0 = Debug|Any CPU
		{2F316C8E-3993-483F-9441-C314F64D6829}.Debug|x86.ActiveCfg = Debug|Any CPU
		{2F316C8E-3993-483F-9441-C314F64D6829}.Debug|x86.Build.0 = Debug|Any CPU
		{2F316C8E-3993-483F-9441-C314F64D6829}.Release|Any CPU.ActiveCfg = Release|Any CPU
		{2F316C8E-3993-483F-9441-C314F64D6829}.Release|Any CPU.Build.0 = Release|Any CPU
		{2F316C8E-3993-483F-9441-C314F64D6829}.Release|x64.ActiveCfg = Release|Any CPU
		{2F316C8E-3993-483F-9441-C314F64D6829}.Release|x64.Build.0 = Release|Any CPU
		{2F316C8E-3993-483F-9441-C314F64D6829}.Release|x86.ActiveCfg = Release|Any CPU
		{2F316C8E-3993-483F-9441-C314F64D6829}.Release|x86.Build.0 = Release|Any CPU
		{8E9BB511-4203-4424-8098-6602FA1BBEB7}.Debug|Any CPU.ActiveCfg = Debug|Any CPU
		{8E9BB511-4203-4424-8098-6602FA1BBEB7}.Debug|Any CPU.Build.0 = Debug|Any CPU
		{8E9BB511-4203-4424-8098-6602FA1BBEB7}.Debug|x64.ActiveCfg = Debug|Any CPU
		{8E9BB511-4203-4424-8098-6602FA1BBEB7}.Debug|x64.Build.0 = Debug|Any CPU
		{8E9BB511-4203-4424-8098-6602FA1BBEB7}.Debug|x86.ActiveCfg = Debug|Any CPU
		{8E9BB511-4203-4424-8098-6602FA1BBEB7}.Debug|x86.Build.0 = Debug|Any CPU
		{8E9BB511-4203-4424-8098-6602FA1BBEB7}.Release|Any CPU.ActiveCfg = Release|Any CPU
		{8E9BB511-4203-4424-8098-6602FA1BBEB7}.Release|Any CPU.Build.0 = Release|Any CPU
		{8E9BB511-4203-4424-8098-6602FA1BBEB7}.Release|x64.ActiveCfg = Release|Any CPU
		{8E9BB511-4203-4424-8098-6602FA1BBEB7}.Release|x64.Build.0 = Release|Any CPU
		{8E9BB511-4203-4424-8098-6602FA1BBEB7}.Release|x86.ActiveCfg = Release|Any CPU
		{8E9BB511-4203-4424-8098-6602FA1BBEB7}.Release|x86.Build.0 = Release|Any CPU
		{2744855A-2F47-422F-8B91-133D791B94EB}.Debug|Any CPU.ActiveCfg = Debug|Any CPU
		{2744855A-2F47-422F-8B91-133D791B94EB}.Debug|Any CPU.Build.0 = Debug|Any CPU
		{2744855A-2F47-422F-8B91-133D791B94EB}.Debug|x64.ActiveCfg = Debug|Any CPU
		{2744855A-2F47-422F-8B91-133D791B94EB}.Debug|x64.Build.0 = Debug|Any CPU
		{2744855A-2F47-422F-8B91-133D791B94EB}.Debug|x86.ActiveCfg = Debug|Any CPU
		{2744855A-2F47-422F-8B91-133D791B94EB}.Debug|x86.Build.0 = Debug|Any CPU
		{2744855A-2F47-422F-8B91-133D791B94EB}.Release|Any CPU.ActiveCfg = Release|Any CPU
		{2744855A-2F47-422F-8B91-133D791B94EB}.Release|Any CPU.Build.0 = Release|Any CPU
		{2744855A-2F47-422F-8B91-133D791B94EB}.Release|x64.ActiveCfg = Release|Any CPU
		{2744855A-2F47-422F-8B91-133D791B94EB}.Release|x64.Build.0 = Release|Any CPU
		{2744855A-2F47-422F-8B91-133D791B94EB}.Release|x86.ActiveCfg = Release|Any CPU
		{2744855A-2F47-422F-8B91-133D791B94EB}.Release|x86.Build.0 = Release|Any CPU
	EndGlobalSection
	GlobalSection(SolutionProperties) = preSolution
		HideSolutionNode = FALSE
	EndGlobalSection
EndGlobal
